PODS:
  - app_intent_bridge (0.1.0):
    - app_intent_bridge_proxy
    - Flutter
  - app_intent_bridge_proxy (0.1.0)
  - Flutter (1.0.0)
  - integration_test (0.0.1):
    - Flutter

DEPENDENCIES:
  - app_intent_bridge (from `.symlinks/plugins/app_intent_bridge/ios`)
  - app_intent_bridge_proxy (from `.symlinks/plugins/app_intent_bridge/ios`)
  - Flutter (from `Flutter`)
  - integration_test (from `.symlinks/plugins/integration_test/ios`)

EXTERNAL SOURCES:
  app_intent_bridge:
    :path: ".symlinks/plugins/app_intent_bridge/ios"
  app_intent_bridge_proxy:
    :path: ".symlinks/plugins/app_intent_bridge/ios"
  Flutter:
    :path: Flutter
  integration_test:
    :path: ".symlinks/plugins/integration_test/ios"

SPEC CHECKSUMS:
  app_intent_bridge: 36fc10e4b28f6a69848703c1ccef921f8ae43051
  app_intent_bridge_proxy: c938d827e0ca67cebbc7fdbe810a26b2cfb74a09
  Flutter: cabc95a1d2626b1b06e7179b784ebcf0c0cde467
  integration_test: 4a889634ef21a45d28d50d622cf412dc6d9f586e

PODFILE CHECKSUM: 6b1cd1a5e43638bc97b919b37ea1d804c3a28a20

COCOAPODS: 1.16.2
